// !$*UTF8*$!
{
	archiveVersion = 1;
	classes = {
	};
	objectVersion = 50;
	objects = {

/* Begin PBXBuildFile section */
		5480ED0923907C9E00781E7C /* AppDelegate.swift in Sources */ = {isa = PBXBuildFile; fileRef = 5480ED0823907C9E00781E7C /* AppDelegate.swift */; };
		5480ED0B23907C9E00781E7C /* SceneDelegate.swift in Sources */ = {isa = PBXBuildFile; fileRef = 5480ED0A23907C9E00781E7C /* SceneDelegate.swift */; };
		5480ED0D23907C9E00781E7C /* ViewController.swift in Sources */ = {isa = PBXBuildFile; fileRef = 5480ED0C23907C9E00781E7C /* ViewController.swift */; };
		5480ED1023907C9E00781E7C /* Main.storyboard in Resources */ = {isa = PBXBuildFile; fileRef = 5480ED0E23907C9E00781E7C /* Main.storyboard */; };
		5480ED1223907CA000781E7C /* Assets.xcassets in Resources */ = {isa = PBXBuildFile; fileRef = 5480ED1123907CA000781E7C /* Assets.xcassets */; };
		5480ED1523907CA000781E7C /* LaunchScreen.storyboard in Resources */ = {isa = PBXBuildFile; fileRef = 5480ED1323907CA000781E7C /* LaunchScreen.storyboard */; };
		5480ED2023907CA000781E7C /* TESTTests.swift in Sources */ = {isa = PBXBuildFile; fileRef = 5480ED1F23907CA000781E7C /* TESTTests.swift */; };
		5480ED2B23907CA000781E7C /* TESTUITests.swift in Sources */ = {isa = PBXBuildFile; fileRef = 5480ED2A23907CA000781E7C /* TESTUITests.swift */; };
/* End PBXBuildFile section */

/* Begin PBXContainerItemProxy section */
		5480ED1C23907CA000781E7C /* PBXContainerItemProxy */ = {
			isa = PBXContainerItemProxy;
			containerPortal = 5480ECFD23907C9E00781E7C /* Project object */;
			proxyType = 1;
			remoteGlobalIDString = 5480ED0423907C9E00781E7C;
			remoteInfo = TEST;
		};
		5480ED2723907CA000781E7C /* PBXContainerItemProxy */ = {
			isa = PBXContainerItemProxy;
			containerPortal = 5480ECFD23907C9E00781E7C /* Project object */;
			proxyType = 1;
			remoteGlobalIDString = 5480ED0423907C9E00781E7C;
			remoteInfo = TEST;
		};
/* End PBXContainerItemProxy section */

/* Begin PBXFileReference section */
		5480ED0523907C9E00781E7C /* TEST.app */ = {isa = PBXFileReference; explicitFileType = wrapper.application; includeInIndex = 0; path = TEST.app; sourceTree = BUILT_PRODUCTS_DIR; };
		5480ED0823907C9E00781E7C /* AppDelegate.swift */ = {isa = PBXFileReference; lastKnownFileType = sourcecode.swift; path = AppDelegate.swift; sourceTree = "<group>"; };
		5480ED0A23907C9E00781E7C /* SceneDelegate.swift */ = {isa = PBXFileReference; lastKnownFileType = sourcecode.swift; path = SceneDelegate.swift; sourceTree = "<group>"; };
		5480ED0C23907C9E00781E7C /* ViewController.swift */ = {isa = PBXFileReference; lastKnownFileType = sourcecode.swift; path = ViewController.swift; sourceTree = "<group>"; };
		5480ED0F23907C9E00781E7C /* Base */ = {isa = PBXFileReference; lastKnownFileType = file.storyboard; name = Base; path = Base.lproj/Main.storyboard; sourceTree = "<group>"; };
		5480ED1123907CA000781E7C /* Assets.xcassets */ = {isa = PBXFileReference; lastKnownFileType = folder.assetcatalog; path = Assets.xcassets; sourceTree = "<group>"; };
		5480ED1423907CA000781E7C /* Base */ = {isa = PBXFileReference; lastKnownFileType = file.storyboard; name = Base; path = Base.lproj/LaunchScreen.storyboard; sourceTree = "<group>"; };
		5480ED1623907CA000781E7C /* Info.plist */ = {isa = PBXFileReference; lastKnownFileType = text.plist.xml; path = Info.plist; sourceTree = "<group>"; };
		5480ED1B23907CA000781E7C /* TESTTests.xctest */ = {isa = PBXFileReference; explicitFileType = wrapper.cfbundle; includeInIndex = 0; path = TESTTests.xctest; sourceTree = BUILT_PRODUCTS_DIR; };
		5480ED1F23907CA000781E7C /* TESTTests.swift */ = {isa = PBXFileReference; lastKnownFileType = sourcecode.swift; path = TESTTests.swift; sourceTree = "<group>"; };
		5480ED2123907CA000781E7C /* Info.plist */ = {isa = PBXFileReference; lastKnownFileType = text.plist.xml; path = Info.plist; sourceTree = "<group>"; };
		5480ED2623907CA000781E7C /* TESTUITests.xctest */ = {isa = PBXFileReference; explicitFileType = wrapper.cfbundle; includeInIndex = 0; path = TESTUITests.xctest; sourceTree = BUILT_PRODUCTS_DIR; };
		5480ED2A23907CA000781E7C /* TESTUITests.swift */ = {isa = PBXFileReference; lastKnownFileType = sourcecode.swift; path = TESTUITests.swift; sourceTree = "<group>"; };
		5480ED2C23907CA000781E7C /* Info.plist */ = {isa = PBXFileReference; lastKnownFileType = text.plist.xml; path = Info.plist; sourceTree = "<group>"; };
/* End PBXFileReference section */

/* Begin PBXFrameworksBuildPhase section */
		5480ED0223907C9E00781E7C /* Frameworks */ = {
			isa = PBXFrameworksBuildPhase;
			buildActionMask = 2147483647;
			files = (
			);
			runOnlyForDeploymentPostprocessing = 0;
		};
		5480ED1823907CA000781E7C /* Frameworks */ = {
			isa = PBXFrameworksBuildPhase;
			buildActionMask = 2147483647;
			files = (
			);
			runOnlyForDeploymentPostprocessing = 0;
		};
		5480ED2323907CA000781E7C /* Frameworks */ = {
			isa = PBXFrameworksBuildPhase;
			buildActionMask = 2147483647;
			files = (
			);
			runOnlyForDeploymentPostprocessing = 0;
		};
/* End PBXFrameworksBuildPhase section */

/* Begin PBXGroup section */
		5480ECFC23907C9D00781E7C = {
			isa = PBXGroup;
			children = (
				5480ED0723907C9E00781E7C /* TEST */,
				5480ED1E23907CA000781E7C /* TESTTests */,
				5480ED2923907CA000781E7C /* TESTUITests */,
				5480ED0623907C9E00781E7C /* Products */,
			);
			sourceTree = "<group>";
		};
		5480ED0623907C9E00781E7C /* Products */ = {
			isa = PBXGroup;
			children = (
				5480ED0523907C9E00781E7C /* TEST.app */,
				5480ED1B23907CA000781E7C /* TESTTests.xctest */,
				5480ED2623907CA000781E7C /* TESTUITests.xctest */,
			);
			name = Products;
			sourceTree = "<group>";
		};
		5480ED0723907C9E00781E7C /* TEST */ = {
			isa = PBXGroup;
			children = (
				5480ED0823907C9E00781E7C /* AppDelegate.swift */,
				5480ED0A23907C9E00781E7C /* SceneDelegate.swift */,
				5480ED0C23907C9E00781E7C /* ViewController.swift */,
				5480ED0E23907C9E00781E7C /* Main.storyboard */,
				5480ED1123907CA000781E7C /* Assets.xcassets */,
				5480ED1323907CA000781E7C /* LaunchScreen.storyboard */,
				5480ED1623907CA000781E7C /* Info.plist */,
			);
			path = TEST;
			sourceTree = "<group>";
		};
		5480ED1E23907CA000781E7C /* TESTTests */ = {
			isa = PBXGroup;
			children = (
				5480ED1F23907CA000781E7C /* TESTTests.swift */,
				5480ED2123907CA000781E7C /* Info.plist */,
			);
			path = TESTTests;
			sourceTree = "<group>";
		};
		5480ED2923907CA000781E7C /* TESTUITests */ = {
			isa = PBXGroup;
			children = (
				5480ED2A23907CA000781E7C /* TESTUITests.swift */,
				5480ED2C23907CA000781E7C /* Info.plist */,
			);
			path = TESTUITests;
			sourceTree = "<group>";
		};
/* End PBXGroup section */

/* Begin PBXNativeTarget section */
		5480ED0423907C9E00781E7C /* TEST */ = {
			isa = PBXNativeTarget;
			buildConfigurationList = 5480ED2F23907CA000781E7C /* Build configuration list for PBXNativeTarget "TEST" */;
			buildPhases = (
				5480ED0123907C9E00781E7C /* Sources */,
				5480ED0223907C9E00781E7C /* Frameworks */,
				5480ED0323907C9E00781E7C /* Resources */,
			);
			buildRules = (
			);
			dependencies = (
			);
			name = TEST;
			productName = TEST;
			productReference = 5480ED0523907C9E00781E7C /* TEST.app */;
			productType = "com.apple.product-type.application";
		};
		5480ED1A23907CA000781E7C /* TESTTests */ = {
			isa = PBXNativeTarget;
			buildConfigurationList = 5480ED3223907CA000781E7C /* Build configuration list for PBXNativeTarget "TESTTests" */;
			buildPhases = (
				5480ED1723907CA000781E7C /* Sources */,
				5480ED1823907CA000781E7C /* Frameworks */,
				5480ED1923907CA000781E7C /* Resources */,
			);
			buildRules = (
			);
			dependencies = (
				5480ED1D23907CA000781E7C /* PBXTargetDependency */,
			);
			name = TESTTests;
			productName = TESTTests;
			productReference = 5480ED1B23907CA000781E7C /* TESTTests.xctest */;
			productType = "com.apple.product-type.bundle.unit-test";
		};
		5480ED2523907CA000781E7C /* TESTUITests */ = {
			isa = PBXNativeTarget;
			buildConfigurationList = 5480ED3523907CA000781E7C /* Build configuration list for PBXNativeTarget "TESTUITests" */;
			buildPhases = (
				5480ED2223907CA000781E7C /* Sources */,
				5480ED2323907CA000781E7C /* Frameworks */,
				5480ED2423907CA000781E7C /* Resources */,
			);
			buildRules = (
			);
			dependencies = (
				5480ED2823907CA000781E7C /* PBXTargetDependency */,
			);
			name = TESTUITests;
			productName = TESTUITests;
			productReference = 5480ED2623907CA000781E7C /* TESTUITests.xctest */;
			productType = "com.apple.product-type.bundle.ui-testing";
		};
/* End PBXNativeTarget section */

/* Begin PBXProject section */
		5480ECFD23907C9E00781E7C /* Project object */ = {
			isa = PBXProject;
			attributes = {
				LastSwiftUpdateCheck = 1120;
				LastUpgradeCheck = 1120;
				ORGANIZATIONNAME = "Marie Falk";
				TargetAttributes = {
					5480ED0423907C9E00781E7C = {
						CreatedOnToolsVersion = 11.2.1;
					};
					5480ED1A23907CA000781E7C = {
						CreatedOnToolsVersion = 11.2.1;
						TestTargetID = 5480ED0423907C9E00781E7C;
					};
					5480ED2523907CA000781E7C = {
						CreatedOnToolsVersion = 11.2.1;
						TestTargetID = 5480ED0423907C9E00781E7C;
					};
				};
			};
			buildConfigurationList = 5480ED0023907C9E00781E7C /* Build configuration list for PBXProject "TEST" */;
			compatibilityVersion = "Xcode 9.3";
			developmentRegion = en;
			hasScannedForEncodings = 0;
			knownRegions = (
				en,
				Base,
			);
			mainGroup = 5480ECFC23907C9D00781E7C;
			productRefGroup = 5480ED0623907C9E00781E7C /* Products */;
			projectDirPath = "";
			projectRoot = "";
			targets = (
				5480ED0423907C9E00781E7C /* TEST */,
				5480ED1A23907CA000781E7C /* TESTTests */,
				5480ED2523907CA000781E7C /* TESTUITests */,
			);
		};
/* End PBXProject section */

/* Begin PBXResourcesBuildPhase section */
		5480ED0323907C9E00781E7C /* Resources */ = {
			isa = PBXResourcesBuildPhase;
			buildActionMask = 2147483647;
			files = (
				5480ED1523907CA000781E7C /* LaunchScreen.storyboard in Resources */,
				5480ED1223907CA000781E7C /* Assets.xcassets in Resources */,
				5480ED1023907C9E00781E7C /* Main.storyboard in Resources */,
			);
			runOnlyForDeploymentPostprocessing = 0;
		};
		5480ED1923907CA000781E7C /* Resources */ = {
			isa = PBXResourcesBuildPhase;
			buildActionMask = 2147483647;
			files = (
			);
			runOnlyForDeploymentPostprocessing = 0;
		};
		5480ED2423907CA000781E7C /* Resources */ = {
			isa = PBXResourcesBuildPhase;
			buildActionMask = 2147483647;
			files = (
			);
			runOnlyForDeploymentPostprocessing = 0;
		};
/* End PBXResourcesBuildPhase section */

/* Begin PBXSourcesBuildPhase section */
		5480ED0123907C9E00781E7C /* Sources */ = {
			isa = PBXSourcesBuildPhase;
			buildActionMask = 2147483647;
			files = (
				5480ED0D23907C9E00781E7C /* ViewController.swift in Sources */,
				5480ED0923907C9E00781E7C /* AppDelegate.swift in Sources */,
				5480ED0B23907C9E00781E7C /* SceneDelegate.swift in Sources */,
			);
			runOnlyForDeploymentPostprocessing = 0;
		};
		5480ED1723907CA000781E7C /* Sources */ = {
			isa = PBXSourcesBuildPhase;
			buildActionMask = 2147483647;
			files = (
				5480ED2023907CA000781E7C /* TESTTests.swift in Sources */,
			);
			runOnlyForDeploymentPostprocessing = 0;
		};
		5480ED2223907CA000781E7C /* Sources */ = {
			isa = PBXSourcesBuildPhase;
			buildActionMask = 2147483647;
			files = (
				5480ED2B23907CA000781E7C /* TESTUITests.swift in Sources */,
			);
			runOnlyForDeploymentPostprocessing = 0;
		};
/* End PBXSourcesBuildPhase section */

/* Begin PBXTargetDependency section */
		5480ED1D23907CA000781E7C /* PBXTargetDependency */ = {
			isa = PBXTargetDependency;
			target = 5480ED0423907C9E00781E7C /* TEST */;
			targetProxy = 5480ED1C23907CA000781E7C /* PBXContainerItemProxy */;
		};
		5480ED2823907CA000781E7C /* PBXTargetDependency */ = {
			isa = PBXTargetDependency;
			target = 5480ED0423907C9E00781E7C /* TEST */;
			targetProxy = 5480ED2723907CA000781E7C /* PBXContainerItemProxy */;
		};
/* End PBXTargetDependency section */

/* Begin PBXVariantGroup section */
		5480ED0E23907C9E00781E7C /* Main.storyboard */ = {
			isa = PBXVariantGroup;
			children = (
				5480ED0F23907C9E00781E7C /* Base */,
			);
			name = Main.storyboard;
			sourceTree = "<group>";
		};
		5480ED1323907CA000781E7C /* LaunchScreen.storyboard */ = {
			isa = PBXVariantGroup;
			children = (
				5480ED1423907CA000781E7C /* Base */,
			);
			name = LaunchScreen.storyboard;
			sourceTree = "<group>";
		};
/* End PBXVariantGroup section */

/* Begin XCBuildConfiguration section */
		5480ED2D23907CA000781E7C /* Debug */ = {
			isa = XCBuildConfiguration;
			buildSettings = {
				ALWAYS_SEARCH_USER_PATHS = NO;
				CLANG_ANALYZER_NONNULL = YES;
				CLANG_ANALYZER_NUMBER_OBJECT_CONVERSION = YES_AGGRESSIVE;
				CLANG_CXX_LANGUAGE_STANDARD = "gnu++14";
				CLANG_CXX_LIBRARY = "libc++";
				CLANG_ENABLE_MODULES = YES;
				CLANG_ENABLE_OBJC_ARC = YES;
				CLANG_ENABLE_OBJC_WEAK = YES;
				CLANG_WARN_BLOCK_CAPTURE_AUTORELEASING = YES;
				CLANG_WARN_BOOL_CONVERSION = YES;
				CLANG_WARN_COMMA = YES;
				CLANG_WARN_CONSTANT_CONVERSION = YES;
				CLANG_WARN_DEPRECATED_OBJC_IMPLEMENTATIONS = YES;
				CLANG_WARN_DIRECT_OBJC_ISA_USAGE = YES_ERROR;
				CLANG_WARN_DOCUMENTATION_COMMENTS = YES;
				CLANG_WARN_EMPTY_BODY = YES;
				CLANG_WARN_ENUM_CONVERSION = YES;
				CLANG_WARN_INFINITE_RECURSION = YES;
				CLANG_WARN_INT_CONVERSION = YES;
				CLANG_WARN_NON_LITERAL_NULL_CONVERSION = YES;
				CLANG_WARN_OBJC_IMPLICIT_RETAIN_SELF = YES;
				CLANG_WARN_OBJC_LITERAL_CONVERSION = YES;
				CLANG_WARN_OBJC_ROOT_CLASS = YES_ERROR;
				CLANG_WARN_RANGE_LOOP_ANALYSIS = YES;
				CLANG_WARN_STRICT_PROTOTYPES = YES;
				CLANG_WARN_SUSPICIOUS_MOVE = YES;
				CLANG_WARN_UNGUARDED_AVAILABILITY = YES_AGGRESSIVE;
				CLANG_WARN_UNREACHABLE_CODE = YES;
				CLANG_WARN__DUPLICATE_METHOD_MATCH = YES;
				COPY_PHASE_STRIP = NO;
				DEBUG_INFORMATION_FORMAT = dwarf;
				ENABLE_STRICT_OBJC_MSGSEND = YES;
				ENABLE_TESTABILITY = YES;
				GCC_C_LANGUAGE_STANDARD = gnu11;
				GCC_DYNAMIC_NO_PIC = NO;
				GCC_NO_COMMON_BLOCKS = YES;
				GCC_OPTIMIZATION_LEVEL = 0;
				GCC_PREPROCESSOR_DEFINITIONS = (
					"DEBUG=1",
					"$(inherited)",
				);
				GCC_WARN_64_TO_32_BIT_CONVERSION = YES;
				GCC_WARN_ABOUT_RETURN_TYPE = YES_ERROR;
				GCC_WARN_UNDECLARED_SELECTOR = YES;
				GCC_WARN_UNINITIALIZED_AUTOS = YES_AGGRESSIVE;
				GCC_WARN_UNUSED_FUNCTION = YES;
				GCC_WARN_UNUSED_VARIABLE = YES;
				IPHONEOS_DEPLOYMENT_TARGET = 13.2;
				MTL_ENABLE_DEBUG_INFO = INCLUDE_SOURCE;
				MTL_FAST_MATH = YES;
				ONLY_ACTIVE_ARCH = YES;
				SDKROOT = iphoneos;
				SWIFT_ACTIVE_COMPILATION_CONDITIONS = DEBUG;
				SWIFT_OPTIMIZATION_LEVEL = "-Onone";
			};
			name = Debug;
		};
		5480ED2E23907CA000781E7C /* Release */ = {
			isa = XCBuildConfiguration;
			buildSettings = {
				ALWAYS_SEARCH_USER_PATHS = NO;
				CLANG_ANALYZER_NONNULL = YES;
				CLANG_ANALYZER_NUMBER_OBJECT_CONVERSION = YES_AGGRESSIVE;
				CLANG_CXX_LANGUAGE_STANDARD = "gnu++14";
				CLANG_CXX_LIBRARY = "libc++";
				CLANG_ENABLE_MODULES = YES;
				CLANG_ENABLE_OBJC_ARC = YES;
				CLANG_ENABLE_OBJC_WEAK = YES;
				CLANG_WARN_BLOCK_CAPTURE_AUTORELEASING = YES;
				CLANG_WARN_BOOL_CONVERSION = YES;
				CLANG_WARN_COMMA = YES;
				CLANG_WARN_CONSTANT_CONVERSION = YES;
				CLANG_WARN_DEPRECATED_OBJC_IMPLEMENTATIONS = YES;
				CLANG_WARN_DIRECT_OBJC_ISA_USAGE = YES_ERROR;
				CLANG_WARN_DOCUMENTATION_COMMENTS = YES;
				CLANG_WARN_EMPTY_BODY = YES;
				CLANG_WARN_ENUM_CONVERSION = YES;
				CLANG_WARN_INFINITE_RECURSION = YES;
				CLANG_WARN_INT_CONVERSION = YES;
				CLANG_WARN_NON_LITERAL_NULL_CONVERSION = YES;
				CLANG_WARN_OBJC_IMPLICIT_RETAIN_SELF = YES;
				CLANG_WARN_OBJC_LITERAL_CONVERSION = YES;
				CLANG_WARN_OBJC_ROOT_CLASS = YES_ERROR;
				CLANG_WARN_RANGE_LOOP_ANALYSIS = YES;
				CLANG_WARN_STRICT_PROTOTYPES = YES;
				CLANG_WARN_SUSPICIOUS_MOVE = YES;
				CLANG_WARN_UNGUARDED_AVAILABILITY = YES_AGGRESSIVE;
				CLANG_WARN_UNREACHABLE_CODE = YES;
				CLANG_WARN__DUPLICATE_METHOD_MATCH = YES;
				COPY_PHASE_STRIP = NO;
				DEBUG_INFORMATION_FORMAT = "dwarf-with-dsym";
				ENABLE_NS_ASSERTIONS = NO;
				ENABLE_STRICT_OBJC_MSGSEND = YES;
				GCC_C_LANGUAGE_STANDARD = gnu11;
				GCC_NO_COMMON_BLOCKS = YES;
				GCC_WARN_64_TO_32_BIT_CONVERSION = YES;
				GCC_WARN_ABOUT_RETURN_TYPE = YES_ERROR;
				GCC_WARN_UNDECLARED_SELECTOR = YES;
				GCC_WARN_UNINITIALIZED_AUTOS = YES_AGGRESSIVE;
				GCC_WARN_UNUSED_FUNCTION = YES;
				GCC_WARN_UNUSED_VARIABLE = YES;
				IPHONEOS_DEPLOYMENT_TARGET = 13.2;
				MTL_ENABLE_DEBUG_INFO = NO;
				MTL_FAST_MATH = YES;
				SDKROOT = iphoneos;
				SWIFT_COMPILATION_MODE = wholemodule;
				SWIFT_OPTIMIZATION_LEVEL = "-O";
				VALIDATE_PRODUCT = YES;
			};
			name = Release;
		};
		5480ED3023907CA000781E7C /* Debug */ = {
			isa = XCBuildConfiguration;
			buildSettings = {
				ASSETCATALOG_COMPILER_APPICON_NAME = AppIcon;
				CODE_SIGN_STYLE = Automatic;
				INFOPLIST_FILE = TEST/Info.plist;
				LD_RUNPATH_SEARCH_PATHS = (
					"$(inherited)",
					"@executable_path/Frameworks",
				);
				PRODUCT_BUNDLE_IDENTIFIER = ljij.TEST;
				PRODUCT_NAME = "$(TARGET_NAME)";
				SWIFT_VERSION = 5.0;
				TARGETED_DEVICE_FAMILY = "1,2";
			};
			name = Debug;
		};
		5480ED3123907CA000781E7C /* Release */ = {
			isa = XCBuildConfiguration;
			buildSettings = {
				ASSETCATALOG_COMPILER_APPICON_NAME = AppIcon;
				CODE_SIGN_STYLE = Automatic;
				INFOPLIST_FILE = TEST/Info.plist;
				LD_RUNPATH_SEARCH_PATHS = (
					"$(inherited)",
					"@executable_path/Frameworks",
				);
				PRODUCT_BUNDLE_IDENTIFIER = ljij.TEST;
				PRODUCT_NAME = "$(TARGET_NAME)";
				SWIFT_VERSION = 5.0;
				TARGETED_DEVICE_FAMILY = "1,2";
			};
			name = Release;
		};
		5480ED3323907CA000781E7C /* Debug */ = {
			isa = XCBuildConfiguration;
			buildSettings = {
				ALWAYS_EMBED_SWIFT_STANDARD_LIBRARIES = YES;
				BUNDLE_LOADER = "$(TEST_HOST)";
				CODE_SIGN_STYLE = Automatic;
				INFOPLIST_FILE = TESTTests/Info.plist;
				IPHONEOS_DEPLOYMENT_TARGET = 13.2;
				LD_RUNPATH_SEARCH_PATHS = (
					"$(inherited)",
					"@executable_path/Frameworks",
					"@loader_path/Frameworks",
				);
				PRODUCT_BUNDLE_IDENTIFIER = ljij.TESTTests;
				PRODUCT_NAME = "$(TARGET_NAME)";
				SWIFT_VERSION = 5.0;
				TARGETED_DEVICE_FAMILY = "1,2";
				TEST_HOST = "$(BUILT_PRODUCTS_DIR)/TEST.app/TEST";
			};
			name = Debug;
		};
		5480ED3423907CA000781E7C /* Release */ = {
			isa = XCBuildConfiguration;
			buildSettings = {
				ALWAYS_EMBED_SWIFT_STANDARD_LIBRARIES = YES;
				BUNDLE_LOADER = "$(TEST_HOST)";
				CODE_SIGN_STYLE = Automatic;
				INFOPLIST_FILE = TESTTests/Info.plist;
				IPHONEOS_DEPLOYMENT_TARGET = 13.2;
				LD_RUNPATH_SEARCH_PATHS = (
					"$(inherited)",
					"@executable_path/Frameworks",
					"@loader_path/Frameworks",
				);
				PRODUCT_BUNDLE_IDENTIFIER = ljij.TESTTests;
				PRODUCT_NAME = "$(TARGET_NAME)";
				SWIFT_VERSION = 5.0;
				TARGETED_DEVICE_FAMILY = "1,2";
				TEST_HOST = "$(BUILT_PRODUCTS_DIR)/TEST.app/TEST";
			};
			name = Release;
		};
		5480ED3623907CA000781E7C /* Debug */ = {
			isa = XCBuildConfiguration;
			buildSettings = {
				ALWAYS_EMBED_SWIFT_STANDARD_LIBRARIES = YES;
				CODE_SIGN_STYLE = Automatic;
				INFOPLIST_FILE = TESTUITests/Info.plist;
				LD_RUNPATH_SEARCH_PATHS = (
					"$(inherited)",
					"@executable_path/Frameworks",
					"@loader_path/Frameworks",
				);
				PRODUCT_BUNDLE_IDENTIFIER = ljij.TESTUITests;
				PRODUCT_NAME = "$(TARGET_NAME)";
				SWIFT_VERSION = 5.0;
				TARGETED_DEVICE_FAMILY = "1,2";
				TEST_TARGET_NAME = TEST;
			};
			name = Debug;
		};
		5480ED3723907CA000781E7C /* Release */ = {
			isa = XCBuildConfiguration;
			buildSettings = {
				ALWAYS_EMBED_SWIFT_STANDARD_LIBRARIES = YES;
				CODE_SIGN_STYLE = Automatic;
				INFOPLIST_FILE = TESTUITests/Info.plist;
				LD_RUNPATH_SEARCH_PATHS = (
					"$(inherited)",
					"@executable_path/Frameworks",
					"@loader_path/Frameworks",
				);
				PRODUCT_BUNDLE_IDENTIFIER = ljij.TESTUITests;
				PRODUCT_NAME = "$(TARGET_NAME)";
				SWIFT_VERSION = 5.0;
				TARGETED_DEVICE_FAMILY = "1,2";
				TEST_TARGET_NAME = TEST;
			};
			name = Release;
		};
/* End XCBuildConfiguration section */

/* Begin XCConfigurationList section */
		5480ED0023907C9E00781E7C /* Build configuration list for PBXProject "TEST" */ = {
			isa = XCConfigurationList;
			buildConfigurations = (
				5480ED2D23907CA000781E7C /* Debug */,
				5480ED2E23907CA000781E7C /* Release */,
			);
			defaultConfigurationIsVisible = 0;
			defaultConfigurationName = Release;
		};
		5480ED2F23907CA000781E7C /* Build configuration list for PBXNativeTarget "TEST" */ = {
			isa = XCConfigurationList;
			buildConfigurations = (
				5480ED3023907CA000781E7C /* Debug */,
				5480ED3123907CA000781E7C /* Release */,
			);
			defaultConfigurationIsVisible = 0;
			defaultConfigurationName = Release;
		};
		5480ED3223907CA000781E7C /* Build configuration list for PBXNativeTarget "TESTTests" */ = {
			isa = XCConfigurationList;
			buildConfigurations = (
				5480ED3323907CA000781E7C /* Debug */,
				5480ED3423907CA000781E7C /* Release */,
			);
			defaultConfigurationIsVisible = 0;
			defaultConfigurationName = Release;
		};
		5480ED3523907CA000781E7C /* Build configuration list for PBXNativeTarget "TESTUITests" */ = {
			isa = XCConfigurationList;
			buildConfigurations = (
				5480ED3623907CA000781E7C /* Debug */,
				5480ED3723907CA000781E7C /* Release */,
			);
			defaultConfigurationIsVisible = 0;
			defaultConfigurationName = Release;
		};
/* End XCConfigurationList section */
	};
	rootObject = 5480ECFD23907C9E00781E7C /* Project object */;
}
